
Microsoft Visual Studio Solution File, Format Version 12.00
# Visual Studio Version 16
VisualStudioVersion = 16.0.29613.14
MinimumVisualStudioVersion = 10.0.40219.1
Project("{9A19103F-16F7-4668-BE54-9A1E7A4F7556}") = "BasraHomes", "GreenPOS\BasraHomes.csproj", "{C17E9774-883D-4611-AF77-04D46D1C676B}"
EndProject
Global
	GlobalSection(SolutionConfigurationPlatforms) = preSolution
		Debug|Any CPU = Debug|Any CPU
		Release|Any CPU = Release|Any CPU
	EndGlobalSection
	GlobalSection(ProjectConfigurationPlatforms) = postSolution
		{C17E9774-883D-4611-AF77-04D46D1C676B}.Debug|Any CPU.ActiveCfg = Debug|Any CPU
		{C17E9774-883D-4611-AF77-04D46D1C676B}.Debug|Any CPU.Build.0 = Debug|Any CPU
		{C17E9774-883D-4611-AF77-04D46D1C676B}.Release|Any CPU.ActiveCfg = Release|Any CPU
		{C17E9774-883D-4611-AF77-04D46D1C676B}.Release|Any CPU.Build.0 = Release|Any CPU
	EndGlobalSection
	GlobalSection(SolutionProperties) = preSolution
		HideSolutionNode = FALSE
	EndGlobalSection
	GlobalSection(ExtensibilityGlobals) = postSolution
		SolutionGuid = {195EDE29-5A60-4A93-86D9-0FB5AB51A3E2}
	EndGlobalSection
EndGlobal
